{
  "name": "iso7816",
  "version": "1.0.20",
  "lockfileVersion": 3,
  "requires": true,
  "packages": {
    "": {
      "name": "iso7816",
      "version": "1.0.20",
      "license": "MIT",
      "dependencies": {
        "hexify": "^1.0.1",
        "smartcard": "^3.2.1"
      },
      "devDependencies": {
        "@types/node": "^22.0.0",
        "typescript": "^5.7.0"
      },
      "engines": {
        "node": ">=18.0.0"
      }
    },
    "node_modules/@types/node": {
      "version": "22.19.3",
      "resolved": "https://registry.npmjs.org/@types/node/-/node-22.19.3.tgz",
      "integrity": "sha512-1N9SBnWYOJTrNZCdh/yJE+t910Y128BoyY+zBLWhL3r0TYzlTmFdXrPwHL9DyFZmlEXNQQolTZh3KHV31QDhyA==",
      "dev": true,
      "license": "MIT",
      "dependencies": {
        "undici-types": "~6.21.0"
      }
    },
    "node_modules/hexify": {
      "version": "1.0.4",
      "resolved": "https://registry.npmjs.org/hexify/-/hexify-1.0.4.tgz",
      "integrity": "sha512-MlomXO1y3bUmMCOmz5EXf2qIjmgCs+sW6/HsBxXpXu8lsqH3aXHt78MHwdfe/esdNU5ai2/5KIpEI6KEUKAQ0g==",
      "license": "ISC"
    },
    "node_modules/node-addon-api": {
      "version": "7.1.1",
      "resolved": "https://registry.npmjs.org/node-addon-api/-/node-addon-api-7.1.1.tgz",
      "integrity": "sha512-5m3bsyrjFWE1xf7nz7YXdN4udnVtXK6/Yfgn5qnahL6bCkf2yKt4k3nuTKAtT4r3IG8JNR2ncsIMdZuAzJjHQQ==",
      "license": "MIT"
    },
    "node_modules/smartcard": {
      "version": "3.2.1",
      "resolved": "https://registry.npmjs.org/smartcard/-/smartcard-3.2.1.tgz",
      "integrity": "sha512-VaLz8L5lExm7wBTBSbDYwt2wVW/LHGk91KhLqQSlgkpBS3oLfOnbMPatvCnI+7oJ4JY1t4mKERXAnHnwAjTpdw==",
      "hasInstallScript": true,
      "license": "MIT",
      "os": [
        "darwin",
        "linux",
        "win32"
      ],
      "dependencies": {
        "node-addon-api": "^7.0.0"
      },
      "engines": {
        "node": ">=18.0.0"
      }
    },
    "node_modules/typescript": {
      "version": "5.9.3",
      "resolved": "https://registry.npmjs.org/typescript/-/typescript-5.9.3.tgz",
      "integrity": "sha512-jl1vZzPDinLr9eUt3J/t7V6FgNEw9QjvBPdysz9KfQDD41fQrC2Y4vKQdiaUpFT4bXlb1RHhLpp8wtm6M5TgSw==",
      "dev": true,
      "license": "Apache-2.0",
      "bin": {
        "tsc": "bin/tsc",
        "tsserver": "bin/tsserver"
      },
      "engines": {
        "node": ">=14.17"
      }
    },
    "node_modules/undici-types": {
      "version": "6.21.0",
      "resolved": "https://registry.npmjs.org/undici-types/-/undici-types-6.21.0.tgz",
      "integrity": "sha512-iwDZqg0QAGrg9Rav5H4n0M64c3mkR59cJ6wQp+7C4nI0gsmExaedaYLNO44eT4AtBBwjbTiGPMlt2Md0T9H9JQ==",
      "dev": true,
      "license": "MIT"
    }
  }
}
